
Microsoft Visual Studio Solution File, Format Version 12.00
# Visual Studio 2013
VisualStudioVersion = 12.0.40629.0
MinimumVisualStudioVersion = 10.0.40219.1
Project("{FAE04EC0-301F-11D3-BF4B-00C04F79EFBC}") = "MvxRecyclerViewLeakTest.Droid", "MvxRecyclerViewLeakTest\MvxRecyclerViewLeakTest.Droid\MvxRecyclerViewLeakTest.Droid.csproj", "{30D75479-3845-448D-BEAC-7493CA14BB92}"
EndProject
Project("{FAE04EC0-301F-11D3-BF4B-00C04F79EFBC}") = "MvxRecyclerViewLeakTest.Core", "MvxRecyclerViewLeakTest\MvxRecyclerViewLeakTest\MvxRecyclerViewLeakTest.Core.csproj", "{F75B4ADF-C76F-4CC3-AE22-16F0F83F6202}"
EndProject
Global
	GlobalSection(SolutionConfigurationPlatforms) = preSolution
		AppStore|Any CPU = AppStore|Any CPU
		AppStore|ARM = AppStore|ARM
		AppStore|iPhone = AppStore|iPhone
		AppStore|iPhoneSimulator = AppStore|iPhoneSimulator
		AppStore|Mixed Platforms = AppStore|Mixed Platforms
		AppStore|x86 = AppStore|x86
		Debug|Any CPU = Debug|Any CPU
		Debug|ARM = Debug|ARM
		Debug|iPhone = Debug|iPhone
		Debug|iPhoneSimulator = Debug|iPhoneSimulator
		Debug|Mixed Platforms = Debug|Mixed Platforms
		Debug|x86 = Debug|x86
		Release|Any CPU = Release|Any CPU
		Release|ARM = Release|ARM
		Release|iPhone = Release|iPhone
		Release|iPhoneSimulator = Release|iPhoneSimulator
		Release|Mixed Platforms = Release|Mixed Platforms
		Release|x86 = Release|x86
	EndGlobalSection
	GlobalSection(ProjectConfigurationPlatforms) = postSolution
		{30D75479-3845-448D-BEAC-7493CA14BB92}.AppStore|Any CPU.ActiveCfg = Release|Any CPU
		{30D75479-3845-448D-BEAC-7493CA14BB92}.AppStore|Any CPU.Build.0 = Release|Any CPU
		{30D75479-3845-448D-BEAC-7493CA14BB92}.AppStore|Any CPU.Deploy.0 = Release|Any CPU
		{30D75479-3845-448D-BEAC-7493CA14BB92}.AppStore|ARM.ActiveCfg = Release|Any CPU
		{30D75479-3845-448D-BEAC-7493CA14BB92}.AppStore|iPhone.ActiveCfg = Release|Any CPU
		{30D75479-3845-448D-BEAC-7493CA14BB92}.AppStore|iPhoneSimulator.ActiveCfg = Release|Any CPU
		{30D75479-3845-448D-BEAC-7493CA14BB92}.AppStore|Mixed Platforms.ActiveCfg = Release|Any CPU
		{30D75479-3845-448D-BEAC-7493CA14BB92}.AppStore|Mixed Platforms.Build.0 = Release|Any CPU
		{30D75479-3845-448D-BEAC-7493CA14BB92}.AppStore|Mixed Platforms.Deploy.0 = Release|Any CPU
		{30D75479-3845-448D-BEAC-7493CA14BB92}.AppStore|x86.ActiveCfg = Release|Any CPU
		{30D75479-3845-448D-BEAC-7493CA14BB92}.Debug|Any CPU.ActiveCfg = Debug|Any CPU
		{30D75479-3845-448D-BEAC-7493CA14BB92}.Debug|Any CPU.Build.0 = Debug|Any CPU
		{30D75479-3845-448D-BEAC-7493CA14BB92}.Debug|Any CPU.Deploy.0 = Debug|Any CPU
		{30D75479-3845-448D-BEAC-7493CA14BB92}.Debug|ARM.ActiveCfg = Debug|Any CPU
		{30D75479-3845-448D-BEAC-7493CA14BB92}.Debug|iPhone.ActiveCfg = Debug|Any CPU
		{30D75479-3845-448D-BEAC-7493CA14BB92}.Debug|iPhoneSimulator.ActiveCfg = Debug|Any CPU
		{30D75479-3845-448D-BEAC-7493CA14BB92}.Debug|Mixed Platforms.ActiveCfg = Debug|Any CPU
		{30D75479-3845-448D-BEAC-7493CA14BB92}.Debug|Mixed Platforms.Build.0 = Debug|Any CPU
		{30D75479-3845-448D-BEAC-7493CA14BB92}.Debug|Mixed Platforms.Deploy.0 = Debug|Any CPU
		{30D75479-3845-448D-BEAC-7493CA14BB92}.Debug|x86.ActiveCfg = Debug|Any CPU
		{30D75479-3845-448D-BEAC-7493CA14BB92}.Release|Any CPU.ActiveCfg = Release|Any CPU
		{30D75479-3845-448D-BEAC-7493CA14BB92}.Release|Any CPU.Build.0 = Release|Any CPU
		{30D75479-3845-448D-BEAC-7493CA14BB92}.Release|Any CPU.Deploy.0 = Release|Any CPU
		{30D75479-3845-448D-BEAC-7493CA14BB92}.Release|ARM.ActiveCfg = Release|Any CPU
		{30D75479-3845-448D-BEAC-7493CA14BB92}.Release|iPhone.ActiveCfg = Release|Any CPU
		{30D75479-3845-448D-BEAC-7493CA14BB92}.Release|iPhoneSimulator.ActiveCfg = Release|Any CPU
		{30D75479-3845-448D-BEAC-7493CA14BB92}.Release|Mixed Platforms.ActiveCfg = Release|Any CPU
		{30D75479-3845-448D-BEAC-7493CA14BB92}.Release|Mixed Platforms.Build.0 = Release|Any CPU
		{30D75479-3845-448D-BEAC-7493CA14BB92}.Release|Mixed Platforms.Deploy.0 = Release|Any CPU
		{30D75479-3845-448D-BEAC-7493CA14BB92}.Release|x86.ActiveCfg = Release|Any CPU
		{F75B4ADF-C76F-4CC3-AE22-16F0F83F6202}.AppStore|Any CPU.ActiveCfg = Release|Any CPU
		{F75B4ADF-C76F-4CC3-AE22-16F0F83F6202}.AppStore|Any CPU.Build.0 = Release|Any CPU
		{F75B4ADF-C76F-4CC3-AE22-16F0F83F6202}.AppStore|ARM.ActiveCfg = Release|Any CPU
		{F75B4ADF-C76F-4CC3-AE22-16F0F83F6202}.AppStore|iPhone.ActiveCfg = Release|Any CPU
		{F75B4ADF-C76F-4CC3-AE22-16F0F83F6202}.AppStore|iPhone.Build.0 = Release|Any CPU
		{F75B4ADF-C76F-4CC3-AE22-16F0F83F6202}.AppStore|iPhoneSimulator.ActiveCfg = Release|Any CPU
		{F75B4ADF-C76F-4CC3-AE22-16F0F83F6202}.AppStore|iPhoneSimulator.Build.0 = Release|Any CPU
		{F75B4ADF-C76F-4CC3-AE22-16F0F83F6202}.AppStore|Mixed Platforms.ActiveCfg = Release|Any CPU
		{F75B4ADF-C76F-4CC3-AE22-16F0F83F6202}.AppStore|Mixed Platforms.Build.0 = Release|Any CPU
		{F75B4ADF-C76F-4CC3-AE22-16F0F83F6202}.AppStore|x86.ActiveCfg = Release|Any CPU
		{F75B4ADF-C76F-4CC3-AE22-16F0F83F6202}.Debug|Any CPU.ActiveCfg = Debug|Any CPU
		{F75B4ADF-C76F-4CC3-AE22-16F0F83F6202}.Debug|Any CPU.Build.0 = Debug|Any CPU
		{F75B4ADF-C76F-4CC3-AE22-16F0F83F6202}.Debug|ARM.ActiveCfg = Debug|Any CPU
		{F75B4ADF-C76F-4CC3-AE22-16F0F83F6202}.Debug|iPhone.ActiveCfg = Debug|Any CPU
		{F75B4ADF-C76F-4CC3-AE22-16F0F83F6202}.Debug|iPhone.Build.0 = Debug|Any CPU
		{F75B4ADF-C76F-4CC3-AE22-16F0F83F6202}.Debug|iPhoneSimulator.ActiveCfg = Debug|Any CPU
		{F75B4ADF-C76F-4CC3-AE22-16F0F83F6202}.Debug|iPhoneSimulator.Build.0 = Debug|Any CPU
		{F75B4ADF-C76F-4CC3-AE22-16F0F83F6202}.Debug|Mixed Platforms.ActiveCfg = Debug|Any CPU
		{F75B4ADF-C76F-4CC3-AE22-16F0F83F6202}.Debug|Mixed Platforms.Build.0 = Debug|Any CPU
		{F75B4ADF-C76F-4CC3-AE22-16F0F83F6202}.Debug|x86.ActiveCfg = Debug|Any CPU
		{F75B4ADF-C76F-4CC3-AE22-16F0F83F6202}.Release|Any CPU.ActiveCfg = Release|Any CPU
		{F75B4ADF-C76F-4CC3-AE22-16F0F83F6202}.Release|Any CPU.Build.0 = Release|Any CPU
		{F75B4ADF-C76F-4CC3-AE22-16F0F83F6202}.Release|ARM.ActiveCfg = Release|Any CPU
		{F75B4ADF-C76F-4CC3-AE22-16F0F83F6202}.Release|iPhone.ActiveCfg = Release|Any CPU
		{F75B4ADF-C76F-4CC3-AE22-16F0F83F6202}.Release|iPhone.Build.0 = Release|Any CPU
		{F75B4ADF-C76F-4CC3-AE22-16F0F83F6202}.Release|iPhoneSimulator.ActiveCfg = Release|Any CPU
		{F75B4ADF-C76F-4CC3-AE22-16F0F83F6202}.Release|iPhoneSimulator.Build.0 = Release|Any CPU
		{F75B4ADF-C76F-4CC3-AE22-16F0F83F6202}.Release|Mixed Platforms.ActiveCfg = Release|Any CPU
		{F75B4ADF-C76F-4CC3-AE22-16F0F83F6202}.Release|Mixed Platforms.Build.0 = Release|Any CPU
		{F75B4ADF-C76F-4CC3-AE22-16F0F83F6202}.Release|x86.ActiveCfg = Release|Any CPU
	EndGlobalSection
	GlobalSection(SolutionProperties) = preSolution
		HideSolutionNode = FALSE
	EndGlobalSection
EndGlobal
