
Microsoft Visual Studio Solution File, Format Version 12.00
# Visual Studio 14
VisualStudioVersion = 14.0.25123.0
MinimumVisualStudioVersion = 10.0.40219.1
Project("{FAE04EC0-301F-11D3-BF4B-00C04F79EFBC}") = "MvxSIGSEVTest.Core", "MvxSIGSEVTest\MvxSIGSEVTest\MvxSIGSEVTest.Core.csproj", "{F75B4ADF-C76F-4CC3-AE22-16F0F83F6202}"
EndProject
Project("{FAE04EC0-301F-11D3-BF4B-00C04F79EFBC}") = "MvxSIGSEVTest.Droid", "MvxSIGSEVTest\MvxSIGSEVTest.Droid\MvxSIGSEVTest.Droid.csproj", "{30D75479-3845-448D-BEAC-7493CA14BB92}"
EndProject
Global
	GlobalSection(SolutionConfigurationPlatforms) = preSolution
		Debug|Any CPU = Debug|Any CPU
		Release|Any CPU = Release|Any CPU
	EndGlobalSection
	GlobalSection(ProjectConfigurationPlatforms) = postSolution
		{F75B4ADF-C76F-4CC3-AE22-16F0F83F6202}.Debug|Any CPU.ActiveCfg = Debug|Any CPU
		{F75B4ADF-C76F-4CC3-AE22-16F0F83F6202}.Debug|Any CPU.Build.0 = Debug|Any CPU
		{F75B4ADF-C76F-4CC3-AE22-16F0F83F6202}.Release|Any CPU.ActiveCfg = Release|Any CPU
		{F75B4ADF-C76F-4CC3-AE22-16F0F83F6202}.Release|Any CPU.Build.0 = Release|Any CPU
		{30D75479-3845-448D-BEAC-7493CA14BB92}.Debug|Any CPU.ActiveCfg = Debug|Any CPU
		{30D75479-3845-448D-BEAC-7493CA14BB92}.Debug|Any CPU.Build.0 = Debug|Any CPU
		{30D75479-3845-448D-BEAC-7493CA14BB92}.Debug|Any CPU.Deploy.0 = Debug|Any CPU
		{30D75479-3845-448D-BEAC-7493CA14BB92}.Release|Any CPU.ActiveCfg = Release|Any CPU
		{30D75479-3845-448D-BEAC-7493CA14BB92}.Release|Any CPU.Build.0 = Release|Any CPU
		{30D75479-3845-448D-BEAC-7493CA14BB92}.Release|Any CPU.Deploy.0 = Release|Any CPU
	EndGlobalSection
	GlobalSection(SolutionProperties) = preSolution
		HideSolutionNode = FALSE
	EndGlobalSection
EndGlobal
